<?xml version="1.0" encoding="utf-8"?>
<Project ToolsVersion="4.0" xmlns="http://schemas.microsoft.com/developer/msbuild/2003">
  <ItemGroup>
    <Filter Include="Source Files">
      <UniqueIdentifier>{4FC737F1-C7A5-4376-A066-2A32D752A2FF}</UniqueIdentifier>
      <Extensions>cpp;c;cc;cxx;c++;cppm;ixx;def;odl;idl;hpj;bat;asm;asmx</Extensions>
    </Filter>
    <Filter Include="Resource Files">
      <UniqueIdentifier>{67DA6AB6-F800-4c08-8B7A-83BB121AAD01}</UniqueIdentifier>
      <Extensions>rc;ico;cur;bmp;dlg;rc2;rct;bin;rgs;gif;jpg;jpeg;jpe;resx;tiff;tif;png;wav;mfcribbon-ms</Extensions>
    </Filter>
    <Filter Include="Resource Files\Material">
      <UniqueIdentifier>{7f05ed0d-5723-405f-a9a3-cd1d12d2a61a}</UniqueIdentifier>
    </Filter>
    <Filter Include="Resource Files\Shader">
      <UniqueIdentifier>{228cf84f-8d31-487c-aa11-32e48a3aacf7}</UniqueIdentifier>
    </Filter>
    <Filter Include="Resource Files\Scenes">
      <UniqueIdentifier>{397a81f8-3d42-4aa4-9fd0-6fc873faa2f6}</UniqueIdentifier>
    </Filter>
  </ItemGroup>
  <ItemGroup>
    <ClCompile Include="Main.cpp">
      <Filter>Source Files</Filter>
    </ClCompile>
    <ClCompile Include="..\ThirdParty\glad\src\glad.c">
      <Filter>Source Files</Filter>
    </ClCompile>
  </ItemGroup>
  <ItemGroup>
    <None Include="..\Build\Resources\materials\wood.mtl">
      <Filter>Resource Files\Material</Filter>
    </None>
    <None Include="..\Build\Resources\shaders\basic.frag">
      <Filter>Resource Files\Shader</Filter>
    </None>
    <None Include="..\Build\Resources\shaders\basic.vert">
      <Filter>Resource Files\Shader</Filter>
    </None>
    <None Include="..\Build\Resources\materials\spot.mtl">
      <Filter>Resource Files\Material</Filter>
    </None>
    <None Include="..\Build\Resources\shaders\gouraud.frag">
      <Filter>Resource Files\Shader</Filter>
    </None>
    <None Include="..\Build\Resources\shaders\gouraud.shdr">
      <Filter>Resource Files\Shader</Filter>
    </None>
    <None Include="..\Build\Resources\shaders\gouraud.vert">
      <Filter>Resource Files\Shader</Filter>
    </None>
    <None Include="..\Build\Resources\shaders\flat.frag">
      <Filter>Resource Files\Shader</Filter>
    </None>
    <None Include="..\Build\Resources\shaders\flat.shdr">
      <Filter>Resource Files\Shader</Filter>
    </None>
    <None Include="..\Build\Resources\shaders\flat.vert">
      <Filter>Resource Files\Shader</Filter>
    </None>
    <None Include="..\Build\Resources\shaders\phong.frag">
      <Filter>Resource Files\Shader</Filter>
    </None>
    <None Include="..\Build\Resources\shaders\phong.shdr">
      <Filter>Resource Files\Shader</Filter>
    </None>
    <None Include="..\Build\Resources\shaders\phong.vert">
      <Filter>Resource Files\Shader</Filter>
    </None>
    <None Include="..\Build\Resources\scenes\main.scn">
      <Filter>Resource Files\Scenes</Filter>
    </None>
    <None Include="..\Build\Resources\shaders\phong_normal.frag">
      <Filter>Resource Files\Shader</Filter>
    </None>
    <None Include="..\Build\Resources\shaders\phong_normal.shdr">
      <Filter>Resource Files\Shader</Filter>
    </None>
    <None Include="..\Build\Resources\shaders\phong_normal.vert">
      <Filter>Resource Files\Shader</Filter>
    </None>
    <None Include="..\Build\Resources\materials\bricks.mtl">
      <Filter>Resource Files\Material</Filter>
    </None>
    <None Include="..\Build\Resources\materials\ogre.mtl">
      <Filter>Resource Files\Material</Filter>
    </None>
    <None Include="..\Build\Resources\shaders\phong_normal_optimize.frag">
      <Filter>Resource Files\Shader</Filter>
    </None>
    <None Include="..\Build\Resources\shaders\phong_normal_optimize.shdr">
      <Filter>Resource Files\Shader</Filter>
    </None>
    <None Include="..\Build\Resources\shaders\phong_normal_optimize.vert">
      <Filter>Resource Files\Shader</Filter>
    </None>
  </ItemGroup>
</Project>